
Microsoft Visual Studio Solution File, Format Version 12.00
# Visual Studio Version 17
VisualStudioVersion = 17.2.32519.379
MinimumVisualStudioVersion = 10.0.40219.1
Project("{FAE04EC0-301F-11D3-BF4B-00C04F79EFBC}") = "Alqoritms", "Alqoritms\Alqoritms.csproj", "{12951C79-0C27-4014-8B26-1EC5750229C3}"
EndProject
Global
	GlobalSection(SolutionConfigurationPlatforms) = preSolution
		Debug|Any CPU = Debug|Any CPU
		Release|Any CPU = Release|Any CPU
	EndGlobalSection
	GlobalSection(ProjectConfigurationPlatforms) = postSolution
		{12951C79-0C27-4014-8B26-1EC5750229C3}.Debug|Any CPU.ActiveCfg = Debug|Any CPU
		{12951C79-0C27-4014-8B26-1EC5750229C3}.Debug|Any CPU.Build.0 = Debug|Any CPU
		{12951C79-0C27-4014-8B26-1EC5750229C3}.Release|Any CPU.ActiveCfg = Release|Any CPU
		{12951C79-0C27-4014-8B26-1EC5750229C3}.Release|Any CPU.Build.0 = Release|Any CPU
	EndGlobalSection
	GlobalSection(SolutionProperties) = preSolution
		HideSolutionNode = FALSE
	EndGlobalSection
	GlobalSection(ExtensibilityGlobals) = postSolution
		SolutionGuid = {774C62CD-DB0E-472B-8020-622C8E631978}
	EndGlobalSection
EndGlobal
